// !$*UTF8*$!
{
	archiveVersion = 1;
	classes = {
	};
	objectVersion = 46;
	objects = {

/* Begin PBXBuildFile section */
		40811B5018234BAE0012C6B2 /* Foundation.framework in Frameworks */ = {isa = PBXBuildFile; fileRef = 40811B4F18234BAE0012C6B2 /* Foundation.framework */; };
		40811B5218234BAE0012C6B2 /* CoreGraphics.framework in Frameworks */ = {isa = PBXBuildFile; fileRef = 40811B5118234BAE0012C6B2 /* CoreGraphics.framework */; };
		40811B5418234BAE0012C6B2 /* UIKit.framework in Frameworks */ = {isa = PBXBuildFile; fileRef = 40811B5318234BAE0012C6B2 /* UIKit.framework */; };
		40811B5A18234BAE0012C6B2 /* InfoPlist.strings in Resources */ = {isa = PBXBuildFile; fileRef = 40811B5818234BAE0012C6B2 /* InfoPlist.strings */; };
		40811B5C18234BAE0012C6B2 /* main.m in Sources */ = {isa = PBXBuildFile; fileRef = 40811B5B18234BAE0012C6B2 /* main.m */; };
		40811B6018234BAE0012C6B2 /* AppDelegate.m in Sources */ = {isa = PBXBuildFile; fileRef = 40811B5F18234BAE0012C6B2 /* AppDelegate.m */; };
		40811B6318234BAE0012C6B2 /* Main.storyboard in Resources */ = {isa = PBXBuildFile; fileRef = 40811B6118234BAE0012C6B2 /* Main.storyboard */; };
		40811B6618234BAE0012C6B2 /* ViewController.m in Sources */ = {isa = PBXBuildFile; fileRef = 40811B6518234BAE0012C6B2 /* ViewController.m */; };
		40811B6818234BAE0012C6B2 /* Images.xcassets in Resources */ = {isa = PBXBuildFile; fileRef = 40811B6718234BAE0012C6B2 /* Images.xcassets */; };
		40811B6F18234BAF0012C6B2 /* XCTest.framework in Frameworks */ = {isa = PBXBuildFile; fileRef = 40811B6E18234BAF0012C6B2 /* XCTest.framework */; };
		40811B7018234BAF0012C6B2 /* Foundation.framework in Frameworks */ = {isa = PBXBuildFile; fileRef = 40811B4F18234BAE0012C6B2 /* Foundation.framework */; };
		40811B7118234BAF0012C6B2 /* UIKit.framework in Frameworks */ = {isa = PBXBuildFile; fileRef = 40811B5318234BAE0012C6B2 /* UIKit.framework */; };
		40811B7918234BAF0012C6B2 /* InfoPlist.strings in Resources */ = {isa = PBXBuildFile; fileRef = 40811B7718234BAF0012C6B2 /* InfoPlist.strings */; };
		40811B7B18234BAF0012C6B2 /* NetworkTimeoutSampleTests.m in Sources */ = {isa = PBXBuildFile; fileRef = 40811B7A18234BAF0012C6B2 /* NetworkTimeoutSampleTests.m */; };
/* End PBXBuildFile section */

/* Begin PBXContainerItemProxy section */
		40811B7218234BAF0012C6B2 /* PBXContainerItemProxy */ = {
			isa = PBXContainerItemProxy;
			containerPortal = 40811B4418234BAE0012C6B2 /* Project object */;
			proxyType = 1;
			remoteGlobalIDString = 40811B4B18234BAE0012C6B2;
			remoteInfo = TimeoutSample;
		};
/* End PBXContainerItemProxy section */

/* Begin PBXFileReference section */
		40811B4C18234BAE0012C6B2 /* NetworkTimeoutSample.app */ = {isa = PBXFileReference; explicitFileType = wrapper.application; includeInIndex = 0; path = NetworkTimeoutSample.app; sourceTree = BUILT_PRODUCTS_DIR; };
		40811B4F18234BAE0012C6B2 /* Foundation.framework */ = {isa = PBXFileReference; lastKnownFileType = wrapper.framework; name = Foundation.framework; path = System/Library/Frameworks/Foundation.framework; sourceTree = SDKROOT; };
		40811B5118234BAE0012C6B2 /* CoreGraphics.framework */ = {isa = PBXFileReference; lastKnownFileType = wrapper.framework; name = CoreGraphics.framework; path = System/Library/Frameworks/CoreGraphics.framework; sourceTree = SDKROOT; };
		40811B5318234BAE0012C6B2 /* UIKit.framework */ = {isa = PBXFileReference; lastKnownFileType = wrapper.framework; name = UIKit.framework; path = System/Library/Frameworks/UIKit.framework; sourceTree = SDKROOT; };
		40811B5718234BAE0012C6B2 /* NetworkTimeoutSample-Info.plist */ = {isa = PBXFileReference; lastKnownFileType = text.plist.xml; path = "NetworkTimeoutSample-Info.plist"; sourceTree = "<group>"; };
		40811B5918234BAE0012C6B2 /* en */ = {isa = PBXFileReference; lastKnownFileType = text.plist.strings; name = en; path = en.lproj/InfoPlist.strings; sourceTree = "<group>"; };
		40811B5B18234BAE0012C6B2 /* main.m */ = {isa = PBXFileReference; lastKnownFileType = sourcecode.c.objc; path = main.m; sourceTree = "<group>"; };
		40811B5D18234BAE0012C6B2 /* NetworkTimeoutSample-Prefix.pch */ = {isa = PBXFileReference; lastKnownFileType = sourcecode.c.h; path = "NetworkTimeoutSample-Prefix.pch"; sourceTree = "<group>"; };
		40811B5E18234BAE0012C6B2 /* AppDelegate.h */ = {isa = PBXFileReference; lastKnownFileType = sourcecode.c.h; path = AppDelegate.h; sourceTree = "<group>"; };
		40811B5F18234BAE0012C6B2 /* AppDelegate.m */ = {isa = PBXFileReference; lastKnownFileType = sourcecode.c.objc; path = AppDelegate.m; sourceTree = "<group>"; };
		40811B6218234BAE0012C6B2 /* Base */ = {isa = PBXFileReference; lastKnownFileType = file.storyboard; name = Base; path = Base.lproj/Main.storyboard; sourceTree = "<group>"; };
		40811B6418234BAE0012C6B2 /* ViewController.h */ = {isa = PBXFileReference; lastKnownFileType = sourcecode.c.h; path = ViewController.h; sourceTree = "<group>"; };
		40811B6518234BAE0012C6B2 /* ViewController.m */ = {isa = PBXFileReference; lastKnownFileType = sourcecode.c.objc; path = ViewController.m; sourceTree = "<group>"; };
		40811B6718234BAE0012C6B2 /* Images.xcassets */ = {isa = PBXFileReference; lastKnownFileType = folder.assetcatalog; path = Images.xcassets; sourceTree = "<group>"; };
		40811B6D18234BAF0012C6B2 /* NetworkTimeoutSampleTests.xctest */ = {isa = PBXFileReference; explicitFileType = wrapper.cfbundle; includeInIndex = 0; path = NetworkTimeoutSampleTests.xctest; sourceTree = BUILT_PRODUCTS_DIR; };
		40811B6E18234BAF0012C6B2 /* XCTest.framework */ = {isa = PBXFileReference; lastKnownFileType = wrapper.framework; name = XCTest.framework; path = Library/Frameworks/XCTest.framework; sourceTree = DEVELOPER_DIR; };
		40811B7618234BAF0012C6B2 /* NetworkTimeoutSampleTests-Info.plist */ = {isa = PBXFileReference; lastKnownFileType = text.plist.xml; path = "NetworkTimeoutSampleTests-Info.plist"; sourceTree = "<group>"; };
		40811B7818234BAF0012C6B2 /* en */ = {isa = PBXFileReference; lastKnownFileType = text.plist.strings; name = en; path = en.lproj/InfoPlist.strings; sourceTree = "<group>"; };
		40811B7A18234BAF0012C6B2 /* NetworkTimeoutSampleTests.m */ = {isa = PBXFileReference; lastKnownFileType = sourcecode.c.objc; path = NetworkTimeoutSampleTests.m; sourceTree = "<group>"; };
/* End PBXFileReference section */

/* Begin PBXFrameworksBuildPhase section */
		40811B4918234BAE0012C6B2 /* Frameworks */ = {
			isa = PBXFrameworksBuildPhase;
			buildActionMask = 2147483647;
			files = (
				40811B5218234BAE0012C6B2 /* CoreGraphics.framework in Frameworks */,
				40811B5418234BAE0012C6B2 /* UIKit.framework in Frameworks */,
				40811B5018234BAE0012C6B2 /* Foundation.framework in Frameworks */,
			);
			runOnlyForDeploymentPostprocessing = 0;
		};
		40811B6A18234BAF0012C6B2 /* Frameworks */ = {
			isa = PBXFrameworksBuildPhase;
			buildActionMask = 2147483647;
			files = (
				40811B6F18234BAF0012C6B2 /* XCTest.framework in Frameworks */,
				40811B7118234BAF0012C6B2 /* UIKit.framework in Frameworks */,
				40811B7018234BAF0012C6B2 /* Foundation.framework in Frameworks */,
			);
			runOnlyForDeploymentPostprocessing = 0;
		};
/* End PBXFrameworksBuildPhase section */

/* Begin PBXGroup section */
		40811B4318234BAE0012C6B2 = {
			isa = PBXGroup;
			children = (
				40811B5518234BAE0012C6B2 /* NetworkTimeoutSample */,
				40811B7418234BAF0012C6B2 /* NetworkTimeoutSampleTests */,
				40811B4E18234BAE0012C6B2 /* Frameworks */,
				40811B4D18234BAE0012C6B2 /* Products */,
			);
			sourceTree = "<group>";
		};
		40811B4D18234BAE0012C6B2 /* Products */ = {
			isa = PBXGroup;
			children = (
				40811B4C18234BAE0012C6B2 /* NetworkTimeoutSample.app */,
				40811B6D18234BAF0012C6B2 /* NetworkTimeoutSampleTests.xctest */,
			);
			name = Products;
			sourceTree = "<group>";
		};
		40811B4E18234BAE0012C6B2 /* Frameworks */ = {
			isa = PBXGroup;
			children = (
				40811B4F18234BAE0012C6B2 /* Foundation.framework */,
				40811B5118234BAE0012C6B2 /* CoreGraphics.framework */,
				40811B5318234BAE0012C6B2 /* UIKit.framework */,
				40811B6E18234BAF0012C6B2 /* XCTest.framework */,
			);
			name = Frameworks;
			sourceTree = "<group>";
		};
		40811B5518234BAE0012C6B2 /* NetworkTimeoutSample */ = {
			isa = PBXGroup;
			children = (
				40811B5E18234BAE0012C6B2 /* AppDelegate.h */,
				40811B5F18234BAE0012C6B2 /* AppDelegate.m */,
				40811B6118234BAE0012C6B2 /* Main.storyboard */,
				40811B6418234BAE0012C6B2 /* ViewController.h */,
				40811B6518234BAE0012C6B2 /* ViewController.m */,
				40811B6718234BAE0012C6B2 /* Images.xcassets */,
				40811B5618234BAE0012C6B2 /* Supporting Files */,
			);
			path = NetworkTimeoutSample;
			sourceTree = "<group>";
		};
		40811B5618234BAE0012C6B2 /* Supporting Files */ = {
			isa = PBXGroup;
			children = (
				40811B5718234BAE0012C6B2 /* NetworkTimeoutSample-Info.plist */,
				40811B5818234BAE0012C6B2 /* InfoPlist.strings */,
				40811B5B18234BAE0012C6B2 /* main.m */,
				40811B5D18234BAE0012C6B2 /* NetworkTimeoutSample-Prefix.pch */,
			);
			name = "Supporting Files";
			sourceTree = "<group>";
		};
		40811B7418234BAF0012C6B2 /* NetworkTimeoutSampleTests */ = {
			isa = PBXGroup;
			children = (
				40811B7A18234BAF0012C6B2 /* NetworkTimeoutSampleTests.m */,
				40811B7518234BAF0012C6B2 /* Supporting Files */,
			);
			path = NetworkTimeoutSampleTests;
			sourceTree = "<group>";
		};
		40811B7518234BAF0012C6B2 /* Supporting Files */ = {
			isa = PBXGroup;
			children = (
				40811B7618234BAF0012C6B2 /* NetworkTimeoutSampleTests-Info.plist */,
				40811B7718234BAF0012C6B2 /* InfoPlist.strings */,
			);
			name = "Supporting Files";
			sourceTree = "<group>";
		};
/* End PBXGroup section */

/* Begin PBXNativeTarget section */
		40811B4B18234BAE0012C6B2 /* NetworkTimeoutSample */ = {
			isa = PBXNativeTarget;
			buildConfigurationList = 40811B7E18234BAF0012C6B2 /* Build configuration list for PBXNativeTarget "NetworkTimeoutSample" */;
			buildPhases = (
				40811B4818234BAE0012C6B2 /* Sources */,
				40811B4918234BAE0012C6B2 /* Frameworks */,
				40811B4A18234BAE0012C6B2 /* Resources */,
			);
			buildRules = (
			);
			dependencies = (
			);
			name = NetworkTimeoutSample;
			productName = TimeoutSample;
			productReference = 40811B4C18234BAE0012C6B2 /* NetworkTimeoutSample.app */;
			productType = "com.apple.product-type.application";
		};
		40811B6C18234BAF0012C6B2 /* NetworkTimeoutSampleTests */ = {
			isa = PBXNativeTarget;
			buildConfigurationList = 40811B8118234BAF0012C6B2 /* Build configuration list for PBXNativeTarget "NetworkTimeoutSampleTests" */;
			buildPhases = (
				40811B6918234BAF0012C6B2 /* Sources */,
				40811B6A18234BAF0012C6B2 /* Frameworks */,
				40811B6B18234BAF0012C6B2 /* Resources */,
			);
			buildRules = (
			);
			dependencies = (
				40811B7318234BAF0012C6B2 /* PBXTargetDependency */,
			);
			name = NetworkTimeoutSampleTests;
			productName = TimeoutSampleTests;
			productReference = 40811B6D18234BAF0012C6B2 /* NetworkTimeoutSampleTests.xctest */;
			productType = "com.apple.product-type.bundle.unit-test";
		};
/* End PBXNativeTarget section */

/* Begin PBXProject section */
		40811B4418234BAE0012C6B2 /* Project object */ = {
			isa = PBXProject;
			attributes = {
				LastUpgradeCheck = 0500;
				ORGANIZATIONNAME = Tempus.ORG;
				TargetAttributes = {
					40811B6C18234BAF0012C6B2 = {
						TestTargetID = 40811B4B18234BAE0012C6B2;
					};
				};
			};
			buildConfigurationList = 40811B4718234BAE0012C6B2 /* Build configuration list for PBXProject "NetworkTimeoutSample" */;
			compatibilityVersion = "Xcode 3.2";
			developmentRegion = English;
			hasScannedForEncodings = 0;
			knownRegions = (
				en,
				Base,
			);
			mainGroup = 40811B4318234BAE0012C6B2;
			productRefGroup = 40811B4D18234BAE0012C6B2 /* Products */;
			projectDirPath = "";
			projectRoot = "";
			targets = (
				40811B4B18234BAE0012C6B2 /* NetworkTimeoutSample */,
				40811B6C18234BAF0012C6B2 /* NetworkTimeoutSampleTests */,
			);
		};
/* End PBXProject section */

/* Begin PBXResourcesBuildPhase section */
		40811B4A18234BAE0012C6B2 /* Resources */ = {
			isa = PBXResourcesBuildPhase;
			buildActionMask = 2147483647;
			files = (
				40811B6818234BAE0012C6B2 /* Images.xcassets in Resources */,
				40811B5A18234BAE0012C6B2 /* InfoPlist.strings in Resources */,
				40811B6318234BAE0012C6B2 /* Main.storyboard in Resources */,
			);
			runOnlyForDeploymentPostprocessing = 0;
		};
		40811B6B18234BAF0012C6B2 /* Resources */ = {
			isa = PBXResourcesBuildPhase;
			buildActionMask = 2147483647;
			files = (
				40811B7918234BAF0012C6B2 /* InfoPlist.strings in Resources */,
			);
			runOnlyForDeploymentPostprocessing = 0;
		};
/* End PBXResourcesBuildPhase section */

/* Begin PBXSourcesBuildPhase section */
		40811B4818234BAE0012C6B2 /* Sources */ = {
			isa = PBXSourcesBuildPhase;
			buildActionMask = 2147483647;
			files = (
				40811B6618234BAE0012C6B2 /* ViewController.m in Sources */,
				40811B6018234BAE0012C6B2 /* AppDelegate.m in Sources */,
				40811B5C18234BAE0012C6B2 /* main.m in Sources */,
			);
			runOnlyForDeploymentPostprocessing = 0;
		};
		40811B6918234BAF0012C6B2 /* Sources */ = {
			isa = PBXSourcesBuildPhase;
			buildActionMask = 2147483647;
			files = (
				40811B7B18234BAF0012C6B2 /* NetworkTimeoutSampleTests.m in Sources */,
			);
			runOnlyForDeploymentPostprocessing = 0;
		};
/* End PBXSourcesBuildPhase section */

/* Begin PBXTargetDependency section */
		40811B7318234BAF0012C6B2 /* PBXTargetDependency */ = {
			isa = PBXTargetDependency;
			target = 40811B4B18234BAE0012C6B2 /* NetworkTimeoutSample */;
			targetProxy = 40811B7218234BAF0012C6B2 /* PBXContainerItemProxy */;
		};
/* End PBXTargetDependency section */

/* Begin PBXVariantGroup section */
		40811B5818234BAE0012C6B2 /* InfoPlist.strings */ = {
			isa = PBXVariantGroup;
			children = (
				40811B5918234BAE0012C6B2 /* en */,
			);
			name = InfoPlist.strings;
			sourceTree = "<group>";
		};
		40811B6118234BAE0012C6B2 /* Main.storyboard */ = {
			isa = PBXVariantGroup;
			children = (
				40811B6218234BAE0012C6B2 /* Base */,
			);
			name = Main.storyboard;
			sourceTree = "<group>";
		};
		40811B7718234BAF0012C6B2 /* InfoPlist.strings */ = {
			isa = PBXVariantGroup;
			children = (
				40811B7818234BAF0012C6B2 /* en */,
			);
			name = InfoPlist.strings;
			sourceTree = "<group>";
		};
/* End PBXVariantGroup section */

/* Begin XCBuildConfiguration section */
		40811B7C18234BAF0012C6B2 /* Debug */ = {
			isa = XCBuildConfiguration;
			buildSettings = {
				ALWAYS_SEARCH_USER_PATHS = NO;
				CLANG_CXX_LANGUAGE_STANDARD = "gnu++0x";
				CLANG_CXX_LIBRARY = "libc++";
				CLANG_ENABLE_MODULES = YES;
				CLANG_ENABLE_OBJC_ARC = YES;
				CLANG_WARN_BOOL_CONVERSION = YES;
				CLANG_WARN_CONSTANT_CONVERSION = YES;
				CLANG_WARN_DIRECT_OBJC_ISA_USAGE = YES_ERROR;
				CLANG_WARN_EMPTY_BODY = YES;
				CLANG_WARN_ENUM_CONVERSION = YES;
				CLANG_WARN_INT_CONVERSION = YES;
				CLANG_WARN_OBJC_ROOT_CLASS = YES_ERROR;
				CLANG_WARN__DUPLICATE_METHOD_MATCH = YES;
				"CODE_SIGN_IDENTITY[sdk=iphoneos*]" = "iPhone Developer";
				COPY_PHASE_STRIP = NO;
				GCC_C_LANGUAGE_STANDARD = gnu99;
				GCC_DYNAMIC_NO_PIC = NO;
				GCC_OPTIMIZATION_LEVEL = 0;
				GCC_PREPROCESSOR_DEFINITIONS = (
					"DEBUG=1",
					"$(inherited)",
				);
				GCC_SYMBOLS_PRIVATE_EXTERN = NO;
				GCC_WARN_64_TO_32_BIT_CONVERSION = YES;
				GCC_WARN_ABOUT_RETURN_TYPE = YES_ERROR;
				GCC_WARN_UNDECLARED_SELECTOR = YES;
				GCC_WARN_UNINITIALIZED_AUTOS = YES;
				GCC_WARN_UNUSED_FUNCTION = YES;
				GCC_WARN_UNUSED_VARIABLE = YES;
				IPHONEOS_DEPLOYMENT_TARGET = 7.0;
				ONLY_ACTIVE_ARCH = YES;
				SDKROOT = iphoneos;
			};
			name = Debug;
		};
		40811B7D18234BAF0012C6B2 /* Release */ = {
			isa = XCBuildConfiguration;
			buildSettings = {
				ALWAYS_SEARCH_USER_PATHS = NO;
				CLANG_CXX_LANGUAGE_STANDARD = "gnu++0x";
				CLANG_CXX_LIBRARY = "libc++";
				CLANG_ENABLE_MODULES = YES;
				CLANG_ENABLE_OBJC_ARC = YES;
				CLANG_WARN_BOOL_CONVERSION = YES;
				CLANG_WARN_CONSTANT_CONVERSION = YES;
				CLANG_WARN_DIRECT_OBJC_ISA_USAGE = YES_ERROR;
				CLANG_WARN_EMPTY_BODY = YES;
				CLANG_WARN_ENUM_CONVERSION = YES;
				CLANG_WARN_INT_CONVERSION = YES;
				CLANG_WARN_OBJC_ROOT_CLASS = YES_ERROR;
				CLANG_WARN__DUPLICATE_METHOD_MATCH = YES;
				"CODE_SIGN_IDENTITY[sdk=iphoneos*]" = "iPhone Developer";
				COPY_PHASE_STRIP = YES;
				ENABLE_NS_ASSERTIONS = NO;
				GCC_C_LANGUAGE_STANDARD = gnu99;
				GCC_WARN_64_TO_32_BIT_CONVERSION = YES;
				GCC_WARN_ABOUT_RETURN_TYPE = YES_ERROR;
				GCC_WARN_UNDECLARED_SELECTOR = YES;
				GCC_WARN_UNINITIALIZED_AUTOS = YES;
				GCC_WARN_UNUSED_FUNCTION = YES;
				GCC_WARN_UNUSED_VARIABLE = YES;
				IPHONEOS_DEPLOYMENT_TARGET = 7.0;
				SDKROOT = iphoneos;
				VALIDATE_PRODUCT = YES;
			};
			name = Release;
		};
		40811B7F18234BAF0012C6B2 /* Debug */ = {
			isa = XCBuildConfiguration;
			buildSettings = {
				ASSETCATALOG_COMPILER_APPICON_NAME = AppIcon;
				ASSETCATALOG_COMPILER_LAUNCHIMAGE_NAME = LaunchImage;
				GCC_PRECOMPILE_PREFIX_HEADER = YES;
				GCC_PREFIX_HEADER = "NetworkTimeoutSample/NetworkTimeoutSample-Prefix.pch";
				INFOPLIST_FILE = "NetworkTimeoutSample/NetworkTimeoutSample-Info.plist";
				PRODUCT_NAME = NetworkTimeoutSample;
				WRAPPER_EXTENSION = app;
			};
			name = Debug;
		};
		40811B8018234BAF0012C6B2 /* Release */ = {
			isa = XCBuildConfiguration;
			buildSettings = {
				ASSETCATALOG_COMPILER_APPICON_NAME = AppIcon;
				ASSETCATALOG_COMPILER_LAUNCHIMAGE_NAME = LaunchImage;
				GCC_PRECOMPILE_PREFIX_HEADER = YES;
				GCC_PREFIX_HEADER = "NetworkTimeoutSample/NetworkTimeoutSample-Prefix.pch";
				INFOPLIST_FILE = "NetworkTimeoutSample/NetworkTimeoutSample-Info.plist";
				PRODUCT_NAME = NetworkTimeoutSample;
				WRAPPER_EXTENSION = app;
			};
			name = Release;
		};
		40811B8218234BAF0012C6B2 /* Debug */ = {
			isa = XCBuildConfiguration;
			buildSettings = {
				BUNDLE_LOADER = "$(BUILT_PRODUCTS_DIR)/NetworkTimeoutSample.app/NetworkTimeoutSample";
				FRAMEWORK_SEARCH_PATHS = (
					"$(SDKROOT)/Developer/Library/Frameworks",
					"$(inherited)",
					"$(DEVELOPER_FRAMEWORKS_DIR)",
				);
				GCC_PRECOMPILE_PREFIX_HEADER = YES;
				GCC_PREFIX_HEADER = "NetworkTimeoutSample/NetworkTimeoutSample-Prefix.pch";
				GCC_PREPROCESSOR_DEFINITIONS = (
					"DEBUG=1",
					"$(inherited)",
				);
				INFOPLIST_FILE = "NetworkTimeoutSampleTests/NetworkTimeoutSampleTests-Info.plist";
				PRODUCT_NAME = NetworkTimeoutSampleTests;
				TEST_HOST = "$(BUNDLE_LOADER)";
				WRAPPER_EXTENSION = xctest;
			};
			name = Debug;
		};
		40811B8318234BAF0012C6B2 /* Release */ = {
			isa = XCBuildConfiguration;
			buildSettings = {
				BUNDLE_LOADER = "$(BUILT_PRODUCTS_DIR)/NetworkTimeoutSample.app/NetworkTimeoutSample";
				FRAMEWORK_SEARCH_PATHS = (
					"$(SDKROOT)/Developer/Library/Frameworks",
					"$(inherited)",
					"$(DEVELOPER_FRAMEWORKS_DIR)",
				);
				GCC_PRECOMPILE_PREFIX_HEADER = YES;
				GCC_PREFIX_HEADER = "NetworkTimeoutSample/NetworkTimeoutSample-Prefix.pch";
				INFOPLIST_FILE = "NetworkTimeoutSampleTests/NetworkTimeoutSampleTests-Info.plist";
				PRODUCT_NAME = NetworkTimeoutSampleTests;
				TEST_HOST = "$(BUNDLE_LOADER)";
				WRAPPER_EXTENSION = xctest;
			};
			name = Release;
		};
/* End XCBuildConfiguration section */

/* Begin XCConfigurationList section */
		40811B4718234BAE0012C6B2 /* Build configuration list for PBXProject "NetworkTimeoutSample" */ = {
			isa = XCConfigurationList;
			buildConfigurations = (
				40811B7C18234BAF0012C6B2 /* Debug */,
				40811B7D18234BAF0012C6B2 /* Release */,
			);
			defaultConfigurationIsVisible = 0;
			defaultConfigurationName = Release;
		};
		40811B7E18234BAF0012C6B2 /* Build configuration list for PBXNativeTarget "NetworkTimeoutSample" */ = {
			isa = XCConfigurationList;
			buildConfigurations = (
				40811B7F18234BAF0012C6B2 /* Debug */,
				40811B8018234BAF0012C6B2 /* Release */,
			);
			defaultConfigurationIsVisible = 0;
			defaultConfigurationName = Release;
		};
		40811B8118234BAF0012C6B2 /* Build configuration list for PBXNativeTarget "NetworkTimeoutSampleTests" */ = {
			isa = XCConfigurationList;
			buildConfigurations = (
				40811B8218234BAF0012C6B2 /* Debug */,
				40811B8318234BAF0012C6B2 /* Release */,
			);
			defaultConfigurationIsVisible = 0;
			defaultConfigurationName = Release;
		};
/* End XCConfigurationList section */
	};
	rootObject = 40811B4418234BAE0012C6B2 /* Project object */;
}
